
Microsoft Visual Studio Solution File, Format Version 12.00
# Visual Studio 14
VisualStudioVersion = 14.0.25420.1
MinimumVisualStudioVersion = 10.0.40219.1
Project("{2150E333-8FDC-42A3-9474-1A3956D46DE8}") = "src", "src", "{5D883A40-EBF8-4BD5-B708-FDC2123D4435}"
EndProject
Project("{2150E333-8FDC-42A3-9474-1A3956D46DE8}") = "Solution Items", "Solution Items", "{DD864F9B-4F49-4420-986A-6C46A01C623B}"
	ProjectSection(SolutionItems) = preProject
		global.json = global.json
	EndProjectSection
EndProject
Project("{8BB2217D-0F2D-49D1-97BC-3654ED321F3B}") = "PubsOfMoscow.Web", "src\PubsOfMoscow.Web\PubsOfMoscow.Web.xproj", "{8C7D9AD4-8F49-4A89-9344-C386FAA0CAE6}"
EndProject
Global
	GlobalSection(SolutionConfigurationPlatforms) = preSolution
		Debug|Any CPU = Debug|Any CPU
		Release|Any CPU = Release|Any CPU
	EndGlobalSection
	GlobalSection(ProjectConfigurationPlatforms) = postSolution
		{8C7D9AD4-8F49-4A89-9344-C386FAA0CAE6}.Debug|Any CPU.ActiveCfg = Debug|Any CPU
		{8C7D9AD4-8F49-4A89-9344-C386FAA0CAE6}.Debug|Any CPU.Build.0 = Debug|Any CPU
		{8C7D9AD4-8F49-4A89-9344-C386FAA0CAE6}.Release|Any CPU.ActiveCfg = Release|Any CPU
		{8C7D9AD4-8F49-4A89-9344-C386FAA0CAE6}.Release|Any CPU.Build.0 = Release|Any CPU
	EndGlobalSection
	GlobalSection(SolutionProperties) = preSolution
		HideSolutionNode = FALSE
	EndGlobalSection
	GlobalSection(NestedProjects) = preSolution
		{8C7D9AD4-8F49-4A89-9344-C386FAA0CAE6} = {5D883A40-EBF8-4BD5-B708-FDC2123D4435}
	EndGlobalSection
EndGlobal
